// !$*UTF8*$!
{
	archiveVersion = 1;
	classes = {
	};
	objectVersion = 46;
	objects = {

/* Begin PBXBuildFile section */
		EA8E83E718A21CAC00FB798C /* libicucore.dylib in Frameworks */ = {isa = PBXBuildFile; fileRef = EA8E83E618A21CAC00FB798C /* libicucore.dylib */; };
		EA8E83E918A21CB100FB798C /* libz.dylib in Frameworks */ = {isa = PBXBuildFile; fileRef = EA8E83E818A21CB100FB798C /* libz.dylib */; };
		EAD033DB18A21B8100E19658 /* Foundation.framework in Frameworks */ = {isa = PBXBuildFile; fileRef = EAD033DA18A21B8100E19658 /* Foundation.framework */; };
		EAD033DD18A21B8100E19658 /* CoreGraphics.framework in Frameworks */ = {isa = PBXBuildFile; fileRef = EAD033DC18A21B8100E19658 /* CoreGraphics.framework */; };
		EAD033DF18A21B8100E19658 /* UIKit.framework in Frameworks */ = {isa = PBXBuildFile; fileRef = EAD033DE18A21B8100E19658 /* UIKit.framework */; };
		EAD033E518A21B8100E19658 /* InfoPlist.strings in Resources */ = {isa = PBXBuildFile; fileRef = EAD033E318A21B8100E19658 /* InfoPlist.strings */; };
		EAD033E718A21B8100E19658 /* main.m in Sources */ = {isa = PBXBuildFile; fileRef = EAD033E618A21B8100E19658 /* main.m */; };
		EAD033EB18A21B8100E19658 /* AppDelegate.m in Sources */ = {isa = PBXBuildFile; fileRef = EAD033EA18A21B8100E19658 /* AppDelegate.m */; };
		EAD033EE18A21B8100E19658 /* Main.storyboard in Resources */ = {isa = PBXBuildFile; fileRef = EAD033EC18A21B8100E19658 /* Main.storyboard */; };
		EAD033F118A21B8100E19658 /* ViewController.m in Sources */ = {isa = PBXBuildFile; fileRef = EAD033F018A21B8100E19658 /* ViewController.m */; };
		EAD033F318A21B8100E19658 /* Images.xcassets in Resources */ = {isa = PBXBuildFile; fileRef = EAD033F218A21B8100E19658 /* Images.xcassets */; };
/* End PBXBuildFile section */

/* Begin PBXFileReference section */
		EA8E83E618A21CAC00FB798C /* libicucore.dylib */ = {isa = PBXFileReference; lastKnownFileType = "compiled.mach-o.dylib"; name = libicucore.dylib; path = usr/lib/libicucore.dylib; sourceTree = SDKROOT; };
		EA8E83E818A21CB100FB798C /* libz.dylib */ = {isa = PBXFileReference; lastKnownFileType = "compiled.mach-o.dylib"; name = libz.dylib; path = usr/lib/libz.dylib; sourceTree = SDKROOT; };
		EAD033D718A21B8100E19658 /* Simple Photo Share.app */ = {isa = PBXFileReference; explicitFileType = wrapper.application; includeInIndex = 0; path = "Simple Photo Share.app"; sourceTree = BUILT_PRODUCTS_DIR; };
		EAD033DA18A21B8100E19658 /* Foundation.framework */ = {isa = PBXFileReference; lastKnownFileType = wrapper.framework; name = Foundation.framework; path = System/Library/Frameworks/Foundation.framework; sourceTree = SDKROOT; };
		EAD033DC18A21B8100E19658 /* CoreGraphics.framework */ = {isa = PBXFileReference; lastKnownFileType = wrapper.framework; name = CoreGraphics.framework; path = System/Library/Frameworks/CoreGraphics.framework; sourceTree = SDKROOT; };
		EAD033DE18A21B8100E19658 /* UIKit.framework */ = {isa = PBXFileReference; lastKnownFileType = wrapper.framework; name = UIKit.framework; path = System/Library/Frameworks/UIKit.framework; sourceTree = SDKROOT; };
		EAD033E218A21B8100E19658 /* Simple Photo Share-Info.plist */ = {isa = PBXFileReference; lastKnownFileType = text.plist.xml; path = "Simple Photo Share-Info.plist"; sourceTree = "<group>"; };
		EAD033E418A21B8100E19658 /* en */ = {isa = PBXFileReference; lastKnownFileType = text.plist.strings; name = en; path = en.lproj/InfoPlist.strings; sourceTree = "<group>"; };
		EAD033E618A21B8100E19658 /* main.m */ = {isa = PBXFileReference; lastKnownFileType = sourcecode.c.objc; path = main.m; sourceTree = "<group>"; };
		EAD033E818A21B8100E19658 /* Simple Photo Share-Prefix.pch */ = {isa = PBXFileReference; lastKnownFileType = sourcecode.c.h; path = "Simple Photo Share-Prefix.pch"; sourceTree = "<group>"; };
		EAD033E918A21B8100E19658 /* AppDelegate.h */ = {isa = PBXFileReference; lastKnownFileType = sourcecode.c.h; path = AppDelegate.h; sourceTree = "<group>"; };
		EAD033EA18A21B8100E19658 /* AppDelegate.m */ = {isa = PBXFileReference; lastKnownFileType = sourcecode.c.objc; path = AppDelegate.m; sourceTree = "<group>"; };
		EAD033ED18A21B8100E19658 /* Base */ = {isa = PBXFileReference; lastKnownFileType = file.storyboard; name = Base; path = Base.lproj/Main.storyboard; sourceTree = "<group>"; };
		EAD033EF18A21B8100E19658 /* ViewController.h */ = {isa = PBXFileReference; lastKnownFileType = sourcecode.c.h; path = ViewController.h; sourceTree = "<group>"; };
		EAD033F018A21B8100E19658 /* ViewController.m */ = {isa = PBXFileReference; lastKnownFileType = sourcecode.c.objc; path = ViewController.m; sourceTree = "<group>"; };
		EAD033F218A21B8100E19658 /* Images.xcassets */ = {isa = PBXFileReference; lastKnownFileType = folder.assetcatalog; path = Images.xcassets; sourceTree = "<group>"; };
/* End PBXFileReference section */

/* Begin PBXFrameworksBuildPhase section */
		EAD033D418A21B8100E19658 /* Frameworks */ = {
			isa = PBXFrameworksBuildPhase;
			buildActionMask = 2147483647;
			files = (
				EA8E83E918A21CB100FB798C /* libz.dylib in Frameworks */,
				EA8E83E718A21CAC00FB798C /* libicucore.dylib in Frameworks */,
				EAD033DD18A21B8100E19658 /* CoreGraphics.framework in Frameworks */,
				EAD033DF18A21B8100E19658 /* UIKit.framework in Frameworks */,
				EAD033DB18A21B8100E19658 /* Foundation.framework in Frameworks */,
			);
			runOnlyForDeploymentPostprocessing = 0;
		};
/* End PBXFrameworksBuildPhase section */

/* Begin PBXGroup section */
		EAD033CE18A21B8100E19658 = {
			isa = PBXGroup;
			children = (
				EAD033E018A21B8100E19658 /* Simple Photo Share */,
				EAD033D918A21B8100E19658 /* Frameworks */,
				EAD033D818A21B8100E19658 /* Products */,
			);
			sourceTree = "<group>";
		};
		EAD033D818A21B8100E19658 /* Products */ = {
			isa = PBXGroup;
			children = (
				EAD033D718A21B8100E19658 /* Simple Photo Share.app */,
			);
			name = Products;
			sourceTree = "<group>";
		};
		EAD033D918A21B8100E19658 /* Frameworks */ = {
			isa = PBXGroup;
			children = (
				EA8E83E818A21CB100FB798C /* libz.dylib */,
				EA8E83E618A21CAC00FB798C /* libicucore.dylib */,
				EAD033DA18A21B8100E19658 /* Foundation.framework */,
				EAD033DC18A21B8100E19658 /* CoreGraphics.framework */,
				EAD033DE18A21B8100E19658 /* UIKit.framework */,
			);
			name = Frameworks;
			sourceTree = "<group>";
		};
		EAD033E018A21B8100E19658 /* Simple Photo Share */ = {
			isa = PBXGroup;
			children = (
				EAD033E918A21B8100E19658 /* AppDelegate.h */,
				EAD033EA18A21B8100E19658 /* AppDelegate.m */,
				EAD033EC18A21B8100E19658 /* Main.storyboard */,
				EAD033EF18A21B8100E19658 /* ViewController.h */,
				EAD033F018A21B8100E19658 /* ViewController.m */,
				EAD033F218A21B8100E19658 /* Images.xcassets */,
				EAD033E118A21B8100E19658 /* Supporting Files */,
			);
			path = "Simple Photo Share";
			sourceTree = "<group>";
		};
		EAD033E118A21B8100E19658 /* Supporting Files */ = {
			isa = PBXGroup;
			children = (
				EAD033E218A21B8100E19658 /* Simple Photo Share-Info.plist */,
				EAD033E318A21B8100E19658 /* InfoPlist.strings */,
				EAD033E618A21B8100E19658 /* main.m */,
				EAD033E818A21B8100E19658 /* Simple Photo Share-Prefix.pch */,
			);
			name = "Supporting Files";
			sourceTree = "<group>";
		};
/* End PBXGroup section */

/* Begin PBXNativeTarget section */
		EAD033D618A21B8100E19658 /* Simple Photo Share */ = {
			isa = PBXNativeTarget;
			buildConfigurationList = EAD0340918A21B8200E19658 /* Build configuration list for PBXNativeTarget "Simple Photo Share" */;
			buildPhases = (
				EAD033D318A21B8100E19658 /* Sources */,
				EAD033D418A21B8100E19658 /* Frameworks */,
				EAD033D518A21B8100E19658 /* Resources */,
			);
			buildRules = (
			);
			dependencies = (
			);
			name = "Simple Photo Share";
			productName = "Simple Photo Share";
			productReference = EAD033D718A21B8100E19658 /* Simple Photo Share.app */;
			productType = "com.apple.product-type.application";
		};
/* End PBXNativeTarget section */

/* Begin PBXProject section */
		EAD033CF18A21B8100E19658 /* Project object */ = {
			isa = PBXProject;
			attributes = {
				LastUpgradeCheck = 0510;
			};
			buildConfigurationList = EAD033D218A21B8100E19658 /* Build configuration list for PBXProject "Simple Photo Share" */;
			compatibilityVersion = "Xcode 3.2";
			developmentRegion = English;
			hasScannedForEncodings = 0;
			knownRegions = (
				en,
				Base,
			);
			mainGroup = EAD033CE18A21B8100E19658;
			productRefGroup = EAD033D818A21B8100E19658 /* Products */;
			projectDirPath = "";
			projectRoot = "";
			targets = (
				EAD033D618A21B8100E19658 /* Simple Photo Share */,
			);
		};
/* End PBXProject section */

/* Begin PBXResourcesBuildPhase section */
		EAD033D518A21B8100E19658 /* Resources */ = {
			isa = PBXResourcesBuildPhase;
			buildActionMask = 2147483647;
			files = (
				EAD033F318A21B8100E19658 /* Images.xcassets in Resources */,
				EAD033E518A21B8100E19658 /* InfoPlist.strings in Resources */,
				EAD033EE18A21B8100E19658 /* Main.storyboard in Resources */,
			);
			runOnlyForDeploymentPostprocessing = 0;
		};
/* End PBXResourcesBuildPhase section */

/* Begin PBXSourcesBuildPhase section */
		EAD033D318A21B8100E19658 /* Sources */ = {
			isa = PBXSourcesBuildPhase;
			buildActionMask = 2147483647;
			files = (
				EAD033F118A21B8100E19658 /* ViewController.m in Sources */,
				EAD033EB18A21B8100E19658 /* AppDelegate.m in Sources */,
				EAD033E718A21B8100E19658 /* main.m in Sources */,
			);
			runOnlyForDeploymentPostprocessing = 0;
		};
/* End PBXSourcesBuildPhase section */

/* Begin PBXVariantGroup section */
		EAD033E318A21B8100E19658 /* InfoPlist.strings */ = {
			isa = PBXVariantGroup;
			children = (
				EAD033E418A21B8100E19658 /* en */,
			);
			name = InfoPlist.strings;
			sourceTree = "<group>";
		};
		EAD033EC18A21B8100E19658 /* Main.storyboard */ = {
			isa = PBXVariantGroup;
			children = (
				EAD033ED18A21B8100E19658 /* Base */,
			);
			name = Main.storyboard;
			sourceTree = "<group>";
		};
/* End PBXVariantGroup section */

/* Begin XCBuildConfiguration section */
		EAD0340718A21B8200E19658 /* Debug */ = {
			isa = XCBuildConfiguration;
			buildSettings = {
				ALWAYS_SEARCH_USER_PATHS = NO;
				CLANG_CXX_LANGUAGE_STANDARD = "gnu++0x";
				CLANG_CXX_LIBRARY = "libc++";
				CLANG_ENABLE_MODULES = YES;
				CLANG_ENABLE_OBJC_ARC = YES;
				CLANG_WARN_BOOL_CONVERSION = YES;
				CLANG_WARN_CONSTANT_CONVERSION = YES;
				CLANG_WARN_DIRECT_OBJC_ISA_USAGE = YES_ERROR;
				CLANG_WARN_EMPTY_BODY = YES;
				CLANG_WARN_ENUM_CONVERSION = YES;
				CLANG_WARN_INT_CONVERSION = YES;
				CLANG_WARN_OBJC_ROOT_CLASS = YES_ERROR;
				CLANG_WARN__DUPLICATE_METHOD_MATCH = YES;
				"CODE_SIGN_IDENTITY[sdk=iphoneos*]" = "iPhone Developer";
				COPY_PHASE_STRIP = NO;
				GCC_C_LANGUAGE_STANDARD = gnu99;
				GCC_DYNAMIC_NO_PIC = NO;
				GCC_OPTIMIZATION_LEVEL = 0;
				GCC_PREPROCESSOR_DEFINITIONS = (
					"DEBUG=1",
					"$(inherited)",
				);
				GCC_SYMBOLS_PRIVATE_EXTERN = NO;
				GCC_WARN_64_TO_32_BIT_CONVERSION = YES;
				GCC_WARN_ABOUT_RETURN_TYPE = YES_ERROR;
				GCC_WARN_UNDECLARED_SELECTOR = YES;
				GCC_WARN_UNINITIALIZED_AUTOS = YES;
				GCC_WARN_UNUSED_FUNCTION = YES;
				GCC_WARN_UNUSED_VARIABLE = YES;
				IPHONEOS_DEPLOYMENT_TARGET = 7.0;
				ONLY_ACTIVE_ARCH = YES;
				SDKROOT = iphoneos;
			};
			name = Debug;
		};
		EAD0340818A21B8200E19658 /* Release */ = {
			isa = XCBuildConfiguration;
			buildSettings = {
				ALWAYS_SEARCH_USER_PATHS = NO;
				CLANG_CXX_LANGUAGE_STANDARD = "gnu++0x";
				CLANG_CXX_LIBRARY = "libc++";
				CLANG_ENABLE_MODULES = YES;
				CLANG_ENABLE_OBJC_ARC = YES;
				CLANG_WARN_BOOL_CONVERSION = YES;
				CLANG_WARN_CONSTANT_CONVERSION = YES;
				CLANG_WARN_DIRECT_OBJC_ISA_USAGE = YES_ERROR;
				CLANG_WARN_EMPTY_BODY = YES;
				CLANG_WARN_ENUM_CONVERSION = YES;
				CLANG_WARN_INT_CONVERSION = YES;
				CLANG_WARN_OBJC_ROOT_CLASS = YES_ERROR;
				CLANG_WARN__DUPLICATE_METHOD_MATCH = YES;
				"CODE_SIGN_IDENTITY[sdk=iphoneos*]" = "iPhone Developer";
				COPY_PHASE_STRIP = YES;
				ENABLE_NS_ASSERTIONS = NO;
				GCC_C_LANGUAGE_STANDARD = gnu99;
				GCC_WARN_64_TO_32_BIT_CONVERSION = YES;
				GCC_WARN_ABOUT_RETURN_TYPE = YES_ERROR;
				GCC_WARN_UNDECLARED_SELECTOR = YES;
				GCC_WARN_UNINITIALIZED_AUTOS = YES;
				GCC_WARN_UNUSED_FUNCTION = YES;
				GCC_WARN_UNUSED_VARIABLE = YES;
				IPHONEOS_DEPLOYMENT_TARGET = 7.0;
				SDKROOT = iphoneos;
				VALIDATE_PRODUCT = YES;
			};
			name = Release;
		};
		EAD0340A18A21B8200E19658 /* Debug */ = {
			isa = XCBuildConfiguration;
			buildSettings = {
				ASSETCATALOG_COMPILER_APPICON_NAME = AppIcon;
				ASSETCATALOG_COMPILER_LAUNCHIMAGE_NAME = LaunchImage;
				FRAMEWORK_SEARCH_PATHS = (
					"$(inherited)",
					"/Users/jwhite/Repositories/Connect-SDK-iOS/ConnectSDK/Frameworks",
				);
				GCC_PRECOMPILE_PREFIX_HEADER = YES;
				GCC_PREFIX_HEADER = "Simple Photo Share/Simple Photo Share-Prefix.pch";
				INFOPLIST_FILE = "Simple Photo Share/Simple Photo Share-Info.plist";
				OTHER_LDFLAGS = "-ObjC";
				PRODUCT_NAME = "$(TARGET_NAME)";
				WRAPPER_EXTENSION = app;
			};
			name = Debug;
		};
		EAD0340B18A21B8200E19658 /* Release */ = {
			isa = XCBuildConfiguration;
			buildSettings = {
				ASSETCATALOG_COMPILER_APPICON_NAME = AppIcon;
				ASSETCATALOG_COMPILER_LAUNCHIMAGE_NAME = LaunchImage;
				FRAMEWORK_SEARCH_PATHS = (
					"$(inherited)",
					"/Users/jwhite/Repositories/Connect-SDK-iOS/ConnectSDK/Frameworks",
				);
				GCC_PRECOMPILE_PREFIX_HEADER = YES;
				GCC_PREFIX_HEADER = "Simple Photo Share/Simple Photo Share-Prefix.pch";
				INFOPLIST_FILE = "Simple Photo Share/Simple Photo Share-Info.plist";
				OTHER_LDFLAGS = "-ObjC";
				PRODUCT_NAME = "$(TARGET_NAME)";
				WRAPPER_EXTENSION = app;
			};
			name = Release;
		};
/* End XCBuildConfiguration section */

/* Begin XCConfigurationList section */
		EAD033D218A21B8100E19658 /* Build configuration list for PBXProject "Simple Photo Share" */ = {
			isa = XCConfigurationList;
			buildConfigurations = (
				EAD0340718A21B8200E19658 /* Debug */,
				EAD0340818A21B8200E19658 /* Release */,
			);
			defaultConfigurationIsVisible = 0;
			defaultConfigurationName = Release;
		};
		EAD0340918A21B8200E19658 /* Build configuration list for PBXNativeTarget "Simple Photo Share" */ = {
			isa = XCConfigurationList;
			buildConfigurations = (
				EAD0340A18A21B8200E19658 /* Debug */,
				EAD0340B18A21B8200E19658 /* Release */,
			);
			defaultConfigurationIsVisible = 0;
			defaultConfigurationName = Release;
		};
/* End XCConfigurationList section */
	};
	rootObject = EAD033CF18A21B8100E19658 /* Project object */;
}
